
Microsoft Visual Studio Solution File, Format Version 12.00
# Visual Studio Version 17
VisualStudioVersion = 17.0.31903.59
MinimumVisualStudioVersion = 10.0.40219.1
Project("{2150E333-8FDC-42A3-9474-1A3956D46DE8}") = "src", "src", "{827E0CD3-B72D-47B6-A68D-7590B98EB39B}"
EndProject
Project("{FAE04EC0-301F-11D3-BF4B-00C04F79EFBC}") = "TollFeeCalculator", "src\TollFeeCalculator\TollFeeCalculator.csproj", "{90553AC3-9CFE-4B0E-9EF5-F3F9EFCE040B}"
EndProject
Project("{FAE04EC0-301F-11D3-BF4B-00C04F79EFBC}") = "TollFeeCalculator.Tests", "tests\TollFeeCalculator.Tests\TollFeeCalculator.Tests.csproj", "{EDCC3BBC-49A3-45BD-8C9D-A464EB7E4351}"
EndProject
Global
	GlobalSection(SolutionConfigurationPlatforms) = preSolution
		Debug|Any CPU = Debug|Any CPU
		Debug|x64 = Debug|x64
		Debug|x86 = Debug|x86
		Release|Any CPU = Release|Any CPU
		Release|x64 = Release|x64
		Release|x86 = Release|x86
	EndGlobalSection
	GlobalSection(ProjectConfigurationPlatforms) = postSolution
		{90553AC3-9CFE-4B0E-9EF5-F3F9EFCE040B}.Debug|Any CPU.ActiveCfg = Debug|Any CPU
		{90553AC3-9CFE-4B0E-9EF5-F3F9EFCE040B}.Debug|Any CPU.Build.0 = Debug|Any CPU
		{90553AC3-9CFE-4B0E-9EF5-F3F9EFCE040B}.Debug|x64.ActiveCfg = Debug|Any CPU
		{90553AC3-9CFE-4B0E-9EF5-F3F9EFCE040B}.Debug|x64.Build.0 = Debug|Any CPU
		{90553AC3-9CFE-4B0E-9EF5-F3F9EFCE040B}.Debug|x86.ActiveCfg = Debug|Any CPU
		{90553AC3-9CFE-4B0E-9EF5-F3F9EFCE040B}.Debug|x86.Build.0 = Debug|Any CPU
		{90553AC3-9CFE-4B0E-9EF5-F3F9EFCE040B}.Release|Any CPU.ActiveCfg = Release|Any CPU
		{90553AC3-9CFE-4B0E-9EF5-F3F9EFCE040B}.Release|Any CPU.Build.0 = Release|Any CPU
		{90553AC3-9CFE-4B0E-9EF5-F3F9EFCE040B}.Release|x64.ActiveCfg = Release|Any CPU
		{90553AC3-9CFE-4B0E-9EF5-F3F9EFCE040B}.Release|x64.Build.0 = Release|Any CPU
		{90553AC3-9CFE-4B0E-9EF5-F3F9EFCE040B}.Release|x86.ActiveCfg = Release|Any CPU
		{90553AC3-9CFE-4B0E-9EF5-F3F9EFCE040B}.Release|x86.Build.0 = Release|Any CPU
		{EDCC3BBC-49A3-45BD-8C9D-A464EB7E4351}.Debug|Any CPU.ActiveCfg = Debug|Any CPU
		{EDCC3BBC-49A3-45BD-8C9D-A464EB7E4351}.Debug|Any CPU.Build.0 = Debug|Any CPU
		{EDCC3BBC-49A3-45BD-8C9D-A464EB7E4351}.Debug|x64.ActiveCfg = Debug|Any CPU
		{EDCC3BBC-49A3-45BD-8C9D-A464EB7E4351}.Debug|x64.Build.0 = Debug|Any CPU
		{EDCC3BBC-49A3-45BD-8C9D-A464EB7E4351}.Debug|x86.ActiveCfg = Debug|Any CPU
		{EDCC3BBC-49A3-45BD-8C9D-A464EB7E4351}.Debug|x86.Build.0 = Debug|Any CPU
		{EDCC3BBC-49A3-45BD-8C9D-A464EB7E4351}.Release|Any CPU.ActiveCfg = Release|Any CPU
		{EDCC3BBC-49A3-45BD-8C9D-A464EB7E4351}.Release|Any CPU.Build.0 = Release|Any CPU
		{EDCC3BBC-49A3-45BD-8C9D-A464EB7E4351}.Release|x64.ActiveCfg = Release|Any CPU
		{EDCC3BBC-49A3-45BD-8C9D-A464EB7E4351}.Release|x64.Build.0 = Release|Any CPU
		{EDCC3BBC-49A3-45BD-8C9D-A464EB7E4351}.Release|x86.ActiveCfg = Release|Any CPU
		{EDCC3BBC-49A3-45BD-8C9D-A464EB7E4351}.Release|x86.Build.0 = Release|Any CPU
	EndGlobalSection
	GlobalSection(SolutionProperties) = preSolution
		HideSolutionNode = FALSE
	EndGlobalSection
	GlobalSection(NestedProjects) = preSolution
		{90553AC3-9CFE-4B0E-9EF5-F3F9EFCE040B} = {827E0CD3-B72D-47B6-A68D-7590B98EB39B}
		{EDCC3BBC-49A3-45BD-8C9D-A464EB7E4351} = {827E0CD3-B72D-47B6-A68D-7590B98EB39B}
	EndGlobalSection
EndGlobal
